// !$*UTF8*$!
{
	archiveVersion = 1;
	classes = {
	};
	objectVersion = 56;
	objects = {

/* Begin PBXBuildFile section */
		4C17395C2915F5CB00978611 /* ContactsManager.swift in Sources */ = {isa = PBXBuildFile; fileRef = 4C17395B2915F5CB00978611 /* ContactsManager.swift */; };
		4C68D961290FD0C900139E54 /* FriendDetailView.swift in Sources */ = {isa = PBXBuildFile; fileRef = 4C68D960290FD0C900139E54 /* FriendDetailView.swift */; };
		4C68D963290FD4C400139E54 /* GiftSearchView.swift in Sources */ = {isa = PBXBuildFile; fileRef = 4C68D962290FD4C400139E54 /* GiftSearchView.swift */; };
		4CBA432A290CCD8300E66A3A /* HomeCalendarView.swift in Sources */ = {isa = PBXBuildFile; fileRef = 4CBA4329290CCD8300E66A3A /* HomeCalendarView.swift */; };
		4CE560F5290387EF001D233A /* GiftHubApp.swift in Sources */ = {isa = PBXBuildFile; fileRef = 4CE560F4290387EF001D233A /* GiftHubApp.swift */; };
		4CE560F7290387EF001D233A /* ContentView.swift in Sources */ = {isa = PBXBuildFile; fileRef = 4CE560F6290387EF001D233A /* ContentView.swift */; };
		4CE560F9290387F0001D233A /* Assets.xcassets in Resources */ = {isa = PBXBuildFile; fileRef = 4CE560F8290387F0001D233A /* Assets.xcassets */; };
		4CE560FD290387F0001D233A /* Preview Assets.xcassets in Resources */ = {isa = PBXBuildFile; fileRef = 4CE560FC290387F0001D233A /* Preview Assets.xcassets */; };
		4CE56107290387F0001D233A /* GiftHubTests.swift in Sources */ = {isa = PBXBuildFile; fileRef = 4CE56106290387F0001D233A /* GiftHubTests.swift */; };
		4CE56111290387F0001D233A /* GiftHubUITests.swift in Sources */ = {isa = PBXBuildFile; fileRef = 4CE56110290387F0001D233A /* GiftHubUITests.swift */; };
		4CE56113290387F0001D233A /* GiftHubUITestsLaunchTests.swift in Sources */ = {isa = PBXBuildFile; fileRef = 4CE56112290387F0001D233A /* GiftHubUITestsLaunchTests.swift */; };
		4CE5612029038B7E001D233A /* FriendListView.swift in Sources */ = {isa = PBXBuildFile; fileRef = 4CE5611F29038B7E001D233A /* FriendListView.swift */; };
		510663D52922A3C5001F201A /* FriendGiftIdeaDetailView.swift in Sources */ = {isa = PBXBuildFile; fileRef = 510663D42922A3C5001F201A /* FriendGiftIdeaDetailView.swift */; };
		510663D72922A3E9001F201A /* NewLikingView.swift in Sources */ = {isa = PBXBuildFile; fileRef = 510663D62922A3E9001F201A /* NewLikingView.swift */; };
		510663D92922A408001F201A /* FriendDetailManager.swift in Sources */ = {isa = PBXBuildFile; fileRef = 510663D82922A408001F201A /* FriendDetailManager.swift */; };
		5181CF07292CD7B100FAA6DF /* GiftGuideView.swift in Sources */ = {isa = PBXBuildFile; fileRef = 5181CF06292CD7B100FAA6DF /* GiftGuideView.swift */; };
		5181CF0A292CEB1600FAA6DF /* GiftGuideOneScrollView.swift in Sources */ = {isa = PBXBuildFile; fileRef = 5181CF09292CEB1600FAA6DF /* GiftGuideOneScrollView.swift */; };
		5181CF0C292CEB3000FAA6DF /* GiftGuideModel.swift in Sources */ = {isa = PBXBuildFile; fileRef = 5181CF0B292CEB3000FAA6DF /* GiftGuideModel.swift */; };
		5181CF0E292CEC3200FAA6DF /* GiftGuideOneView.swift in Sources */ = {isa = PBXBuildFile; fileRef = 5181CF0D292CEC3200FAA6DF /* GiftGuideOneView.swift */; };
		D90F43CC292123620068915F /* CalenderView.swift in Sources */ = {isa = PBXBuildFile; fileRef = D90F43CB292123620068915F /* CalenderView.swift */; };
		D90F43CE2924C52C0068915F /* GiftSearchDatabase.swift in Sources */ = {isa = PBXBuildFile; fileRef = D90F43CD2924C52C0068915F /* GiftSearchDatabase.swift */; };
		D96FC4062913A5DC00B3630B /* NotificationHandler.swift in Sources */ = {isa = PBXBuildFile; fileRef = D96FC4052913A5DC00B3630B /* NotificationHandler.swift */; };
		D96FC4082913A5FF00B3630B /* NotificationView.swift in Sources */ = {isa = PBXBuildFile; fileRef = D96FC4072913A5FF00B3630B /* NotificationView.swift */; };
/* End PBXBuildFile section */

/* Begin PBXContainerItemProxy section */
		4CE56103290387F0001D233A /* PBXContainerItemProxy */ = {
			isa = PBXContainerItemProxy;
			containerPortal = 4CE560E9290387EF001D233A /* Project object */;
			proxyType = 1;
			remoteGlobalIDString = 4CE560F0290387EF001D233A;
			remoteInfo = GiftHub;
		};
		4CE5610D290387F0001D233A /* PBXContainerItemProxy */ = {
			isa = PBXContainerItemProxy;
			containerPortal = 4CE560E9290387EF001D233A /* Project object */;
			proxyType = 1;
			remoteGlobalIDString = 4CE560F0290387EF001D233A;
			remoteInfo = GiftHub;
		};
/* End PBXContainerItemProxy section */

/* Begin PBXFileReference section */
		4C17395B2915F5CB00978611 /* ContactsManager.swift */ = {isa = PBXFileReference; lastKnownFileType = sourcecode.swift; path = ContactsManager.swift; sourceTree = "<group>"; };
		4C68D960290FD0C900139E54 /* FriendDetailView.swift */ = {isa = PBXFileReference; lastKnownFileType = sourcecode.swift; path = FriendDetailView.swift; sourceTree = "<group>"; };
		4C68D962290FD4C400139E54 /* GiftSearchView.swift */ = {isa = PBXFileReference; lastKnownFileType = sourcecode.swift; path = GiftSearchView.swift; sourceTree = "<group>"; };
		4CBA4329290CCD8300E66A3A /* HomeCalendarView.swift */ = {isa = PBXFileReference; lastKnownFileType = sourcecode.swift; path = HomeCalendarView.swift; sourceTree = "<group>"; };
		4CE560F1290387EF001D233A /* GiftHub.app */ = {isa = PBXFileReference; explicitFileType = wrapper.application; includeInIndex = 0; path = GiftHub.app; sourceTree = BUILT_PRODUCTS_DIR; };
		4CE560F4290387EF001D233A /* GiftHubApp.swift */ = {isa = PBXFileReference; lastKnownFileType = sourcecode.swift; path = GiftHubApp.swift; sourceTree = "<group>"; };
		4CE560F6290387EF001D233A /* ContentView.swift */ = {isa = PBXFileReference; lastKnownFileType = sourcecode.swift; path = ContentView.swift; sourceTree = "<group>"; };
		4CE560F8290387F0001D233A /* Assets.xcassets */ = {isa = PBXFileReference; lastKnownFileType = folder.assetcatalog; path = Assets.xcassets; sourceTree = "<group>"; };
		4CE560FA290387F0001D233A /* GiftHub.entitlements */ = {isa = PBXFileReference; lastKnownFileType = text.plist.entitlements; path = GiftHub.entitlements; sourceTree = "<group>"; };
		4CE560FC290387F0001D233A /* Preview Assets.xcassets */ = {isa = PBXFileReference; lastKnownFileType = folder.assetcatalog; path = "Preview Assets.xcassets"; sourceTree = "<group>"; };
		4CE56102290387F0001D233A /* GiftHubTests.xctest */ = {isa = PBXFileReference; explicitFileType = wrapper.cfbundle; includeInIndex = 0; path = GiftHubTests.xctest; sourceTree = BUILT_PRODUCTS_DIR; };
		4CE56106290387F0001D233A /* GiftHubTests.swift */ = {isa = PBXFileReference; lastKnownFileType = sourcecode.swift; path = GiftHubTests.swift; sourceTree = "<group>"; };
		4CE5610C290387F0001D233A /* GiftHubUITests.xctest */ = {isa = PBXFileReference; explicitFileType = wrapper.cfbundle; includeInIndex = 0; path = GiftHubUITests.xctest; sourceTree = BUILT_PRODUCTS_DIR; };
		4CE56110290387F0001D233A /* GiftHubUITests.swift */ = {isa = PBXFileReference; lastKnownFileType = sourcecode.swift; path = GiftHubUITests.swift; sourceTree = "<group>"; };
		4CE56112290387F0001D233A /* GiftHubUITestsLaunchTests.swift */ = {isa = PBXFileReference; lastKnownFileType = sourcecode.swift; path = GiftHubUITestsLaunchTests.swift; sourceTree = "<group>"; };
		4CE5611F29038B7E001D233A /* FriendListView.swift */ = {isa = PBXFileReference; lastKnownFileType = sourcecode.swift; path = FriendListView.swift; sourceTree = "<group>"; };
		510663D42922A3C5001F201A /* FriendGiftIdeaDetailView.swift */ = {isa = PBXFileReference; lastKnownFileType = sourcecode.swift; path = FriendGiftIdeaDetailView.swift; sourceTree = "<group>"; };
		510663D62922A3E9001F201A /* NewLikingView.swift */ = {isa = PBXFileReference; lastKnownFileType = sourcecode.swift; path = NewLikingView.swift; sourceTree = "<group>"; };
		510663D82922A408001F201A /* FriendDetailManager.swift */ = {isa = PBXFileReference; lastKnownFileType = sourcecode.swift; path = FriendDetailManager.swift; sourceTree = "<group>"; };
		5181CF06292CD7B100FAA6DF /* GiftGuideView.swift */ = {isa = PBXFileReference; lastKnownFileType = sourcecode.swift; path = GiftGuideView.swift; sourceTree = "<group>"; };
		5181CF09292CEB1600FAA6DF /* GiftGuideOneScrollView.swift */ = {isa = PBXFileReference; lastKnownFileType = sourcecode.swift; path = GiftGuideOneScrollView.swift; sourceTree = "<group>"; };
		5181CF0B292CEB3000FAA6DF /* GiftGuideModel.swift */ = {isa = PBXFileReference; lastKnownFileType = sourcecode.swift; path = GiftGuideModel.swift; sourceTree = "<group>"; };
		5181CF0D292CEC3200FAA6DF /* GiftGuideOneView.swift */ = {isa = PBXFileReference; lastKnownFileType = sourcecode.swift; path = GiftGuideOneView.swift; sourceTree = "<group>"; };
		D90F43CB292123620068915F /* CalenderView.swift */ = {isa = PBXFileReference; lastKnownFileType = sourcecode.swift; path = CalenderView.swift; sourceTree = "<group>"; };
		D90F43CD2924C52C0068915F /* GiftSearchDatabase.swift */ = {isa = PBXFileReference; lastKnownFileType = sourcecode.swift; path = GiftSearchDatabase.swift; sourceTree = "<group>"; };
		D96FC4052913A5DC00B3630B /* NotificationHandler.swift */ = {isa = PBXFileReference; lastKnownFileType = sourcecode.swift; path = NotificationHandler.swift; sourceTree = "<group>"; };
		D96FC4072913A5FF00B3630B /* NotificationView.swift */ = {isa = PBXFileReference; lastKnownFileType = sourcecode.swift; path = NotificationView.swift; sourceTree = "<group>"; };
/* End PBXFileReference section */

/* Begin PBXFrameworksBuildPhase section */
		4CE560EE290387EF001D233A /* Frameworks */ = {
			isa = PBXFrameworksBuildPhase;
			buildActionMask = 2147483647;
			files = (
			);
			runOnlyForDeploymentPostprocessing = 0;
		};
		4CE560FF290387F0001D233A /* Frameworks */ = {
			isa = PBXFrameworksBuildPhase;
			buildActionMask = 2147483647;
			files = (
			);
			runOnlyForDeploymentPostprocessing = 0;
		};
		4CE56109290387F0001D233A /* Frameworks */ = {
			isa = PBXFrameworksBuildPhase;
			buildActionMask = 2147483647;
			files = (
			);
			runOnlyForDeploymentPostprocessing = 0;
		};
/* End PBXFrameworksBuildPhase section */

/* Begin PBXGroup section */
		4CE560E8290387EF001D233A = {
			isa = PBXGroup;
			children = (
				4CE560F3290387EF001D233A /* GiftHub */,
				4CE56105290387F0001D233A /* GiftHubTests */,
				4CE5610F290387F0001D233A /* GiftHubUITests */,
				4CE560F2290387EF001D233A /* Products */,
			);
			sourceTree = "<group>";
		};
		4CE560F2290387EF001D233A /* Products */ = {
			isa = PBXGroup;
			children = (
				4CE560F1290387EF001D233A /* GiftHub.app */,
				4CE56102290387F0001D233A /* GiftHubTests.xctest */,
				4CE5610C290387F0001D233A /* GiftHubUITests.xctest */,
			);
			name = Products;
			sourceTree = "<group>";
		};
		4CE560F3290387EF001D233A /* GiftHub */ = {
			isa = PBXGroup;
			children = (
				4CE560FA290387F0001D233A /* GiftHub.entitlements */,
				510663FE2927193B001F201A /* GiftSearchBar */,
				510663FC292718DE001F201A /* NotificationView */,
				510663D1292260F4001F201A /* FriendDetailView */,
				5181CF08292CD7B700FAA6DF /* GiftGuideView */,
				4C17395B2915F5CB00978611 /* ContactsManager.swift */,
				4CBA4329290CCD8300E66A3A /* HomeCalendarView.swift */,
				4CE560F4290387EF001D233A /* GiftHubApp.swift */,
				4CE560F6290387EF001D233A /* ContentView.swift */,
				4CE560F8290387F0001D233A /* Assets.xcassets */,
				4CE560FB290387F0001D233A /* Preview Content */,
				D90F43CB292123620068915F /* CalenderView.swift */,
			);
			path = GiftHub;
			sourceTree = "<group>";
		};
		4CE560FB290387F0001D233A /* Preview Content */ = {
			isa = PBXGroup;
			children = (
				4CE560FC290387F0001D233A /* Preview Assets.xcassets */,
			);
			path = "Preview Content";
			sourceTree = "<group>";
		};
		4CE56105290387F0001D233A /* GiftHubTests */ = {
			isa = PBXGroup;
			children = (
				4CE56106290387F0001D233A /* GiftHubTests.swift */,
			);
			path = GiftHubTests;
			sourceTree = "<group>";
		};
		4CE5610F290387F0001D233A /* GiftHubUITests */ = {
			isa = PBXGroup;
			children = (
				4CE56110290387F0001D233A /* GiftHubUITests.swift */,
				4CE56112290387F0001D233A /* GiftHubUITestsLaunchTests.swift */,
			);
			path = GiftHubUITests;
			sourceTree = "<group>";
		};
		510663D1292260F4001F201A /* FriendDetailView */ = {
			isa = PBXGroup;
			children = (
				4C68D960290FD0C900139E54 /* FriendDetailView.swift */,
				510663D42922A3C5001F201A /* FriendGiftIdeaDetailView.swift */,
				510663D62922A3E9001F201A /* NewLikingView.swift */,
				510663D82922A408001F201A /* FriendDetailManager.swift */,
				4CE5611F29038B7E001D233A /* FriendListView.swift */,
			);
			path = FriendDetailView;
			sourceTree = "<group>";
		};
		510663FC292718DE001F201A /* NotificationView */ = {
			isa = PBXGroup;
			children = (
				D96FC4072913A5FF00B3630B /* NotificationView.swift */,
				D96FC4052913A5DC00B3630B /* NotificationHandler.swift */,
			);
			path = NotificationView;
			sourceTree = "<group>";
		};
		510663FE2927193B001F201A /* GiftSearchBar */ = {
			isa = PBXGroup;
			children = (
				4C68D962290FD4C400139E54 /* GiftSearchView.swift */,
				D90F43CD2924C52C0068915F /* GiftSearchDatabase.swift */,
			);
			path = GiftSearchBar;
			sourceTree = "<group>";
		};
		5181CF08292CD7B700FAA6DF /* GiftGuideView */ = {
			isa = PBXGroup;
			children = (
				5181CF06292CD7B100FAA6DF /* GiftGuideView.swift */,
				5181CF0D292CEC3200FAA6DF /* GiftGuideOneView.swift */,
				5181CF09292CEB1600FAA6DF /* GiftGuideOneScrollView.swift */,
				5181CF0B292CEB3000FAA6DF /* GiftGuideModel.swift */,
			);
			path = GiftGuideView;
			sourceTree = "<group>";
		};
/* End PBXGroup section */

/* Begin PBXNativeTarget section */
		4CE560F0290387EF001D233A /* GiftHub */ = {
			isa = PBXNativeTarget;
			buildConfigurationList = 4CE56116290387F0001D233A /* Build configuration list for PBXNativeTarget "GiftHub" */;
			buildPhases = (
				4CE560ED290387EF001D233A /* Sources */,
				4CE560EE290387EF001D233A /* Frameworks */,
				4CE560EF290387EF001D233A /* Resources */,
			);
			buildRules = (
			);
			dependencies = (
			);
			name = GiftHub;
			productName = GiftHub;
			productReference = 4CE560F1290387EF001D233A /* GiftHub.app */;
			productType = "com.apple.product-type.application";
		};
		4CE56101290387F0001D233A /* GiftHubTests */ = {
			isa = PBXNativeTarget;
			buildConfigurationList = 4CE56119290387F0001D233A /* Build configuration list for PBXNativeTarget "GiftHubTests" */;
			buildPhases = (
				4CE560FE290387F0001D233A /* Sources */,
				4CE560FF290387F0001D233A /* Frameworks */,
				4CE56100290387F0001D233A /* Resources */,
			);
			buildRules = (
			);
			dependencies = (
				4CE56104290387F0001D233A /* PBXTargetDependency */,
			);
			name = GiftHubTests;
			productName = GiftHubTests;
			productReference = 4CE56102290387F0001D233A /* GiftHubTests.xctest */;
			productType = "com.apple.product-type.bundle.unit-test";
		};
		4CE5610B290387F0001D233A /* GiftHubUITests */ = {
			isa = PBXNativeTarget;
			buildConfigurationList = 4CE5611C290387F0001D233A /* Build configuration list for PBXNativeTarget "GiftHubUITests" */;
			buildPhases = (
				4CE56108290387F0001D233A /* Sources */,
				4CE56109290387F0001D233A /* Frameworks */,
				4CE5610A290387F0001D233A /* Resources */,
			);
			buildRules = (
			);
			dependencies = (
				4CE5610E290387F0001D233A /* PBXTargetDependency */,
			);
			name = GiftHubUITests;
			productName = GiftHubUITests;
			productReference = 4CE5610C290387F0001D233A /* GiftHubUITests.xctest */;
			productType = "com.apple.product-type.bundle.ui-testing";
		};
/* End PBXNativeTarget section */

/* Begin PBXProject section */
		4CE560E9290387EF001D233A /* Project object */ = {
			isa = PBXProject;
			attributes = {
				BuildIndependentTargetsInParallel = 1;
				LastSwiftUpdateCheck = 1400;
				LastUpgradeCheck = 1400;
				TargetAttributes = {
					4CE560F0290387EF001D233A = {
						CreatedOnToolsVersion = 14.0.1;
					};
					4CE56101290387F0001D233A = {
						CreatedOnToolsVersion = 14.0.1;
						TestTargetID = 4CE560F0290387EF001D233A;
					};
					4CE5610B290387F0001D233A = {
						CreatedOnToolsVersion = 14.0.1;
						TestTargetID = 4CE560F0290387EF001D233A;
					};
				};
			};
			buildConfigurationList = 4CE560EC290387EF001D233A /* Build configuration list for PBXProject "GiftHub" */;
			compatibilityVersion = "Xcode 14.0";
			developmentRegion = en;
			hasScannedForEncodings = 0;
			knownRegions = (
				en,
				Base,
			);
			mainGroup = 4CE560E8290387EF001D233A;
			productRefGroup = 4CE560F2290387EF001D233A /* Products */;
			projectDirPath = "";
			projectRoot = "";
			targets = (
				4CE560F0290387EF001D233A /* GiftHub */,
				4CE56101290387F0001D233A /* GiftHubTests */,
				4CE5610B290387F0001D233A /* GiftHubUITests */,
			);
		};
/* End PBXProject section */

/* Begin PBXResourcesBuildPhase section */
		4CE560EF290387EF001D233A /* Resources */ = {
			isa = PBXResourcesBuildPhase;
			buildActionMask = 2147483647;
			files = (
				4CE560FD290387F0001D233A /* Preview Assets.xcassets in Resources */,
				4CE560F9290387F0001D233A /* Assets.xcassets in Resources */,
			);
			runOnlyForDeploymentPostprocessing = 0;
		};
		4CE56100290387F0001D233A /* Resources */ = {
			isa = PBXResourcesBuildPhase;
			buildActionMask = 2147483647;
			files = (
			);
			runOnlyForDeploymentPostprocessing = 0;
		};
		4CE5610A290387F0001D233A /* Resources */ = {
			isa = PBXResourcesBuildPhase;
			buildActionMask = 2147483647;
			files = (
			);
			runOnlyForDeploymentPostprocessing = 0;
		};
/* End PBXResourcesBuildPhase section */

/* Begin PBXSourcesBuildPhase section */
		4CE560ED290387EF001D233A /* Sources */ = {
			isa = PBXSourcesBuildPhase;
			buildActionMask = 2147483647;
			files = (
				4CE560F7290387EF001D233A /* ContentView.swift in Sources */,
				5181CF0E292CEC3200FAA6DF /* GiftGuideOneView.swift in Sources */,
				D90F43CE2924C52C0068915F /* GiftSearchDatabase.swift in Sources */,
				5181CF07292CD7B100FAA6DF /* GiftGuideView.swift in Sources */,
				D96FC4062913A5DC00B3630B /* NotificationHandler.swift in Sources */,
				4C68D963290FD4C400139E54 /* GiftSearchView.swift in Sources */,
				4CE5612029038B7E001D233A /* FriendListView.swift in Sources */,
				4C68D961290FD0C900139E54 /* FriendDetailView.swift in Sources */,
				5181CF0C292CEB3000FAA6DF /* GiftGuideModel.swift in Sources */,
				5181CF0A292CEB1600FAA6DF /* GiftGuideOneScrollView.swift in Sources */,
				4C17395C2915F5CB00978611 /* ContactsManager.swift in Sources */,
				510663D92922A408001F201A /* FriendDetailManager.swift in Sources */,
				4CE560F5290387EF001D233A /* GiftHubApp.swift in Sources */,
				510663D52922A3C5001F201A /* FriendGiftIdeaDetailView.swift in Sources */,
				D90F43CC292123620068915F /* CalenderView.swift in Sources */,
				4CBA432A290CCD8300E66A3A /* HomeCalendarView.swift in Sources */,
				D96FC4082913A5FF00B3630B /* NotificationView.swift in Sources */,
				510663D72922A3E9001F201A /* NewLikingView.swift in Sources */,
			);
			runOnlyForDeploymentPostprocessing = 0;
		};
		4CE560FE290387F0001D233A /* Sources */ = {
			isa = PBXSourcesBuildPhase;
			buildActionMask = 2147483647;
			files = (
				4CE56107290387F0001D233A /* GiftHubTests.swift in Sources */,
			);
			runOnlyForDeploymentPostprocessing = 0;
		};
		4CE56108290387F0001D233A /* Sources */ = {
			isa = PBXSourcesBuildPhase;
			buildActionMask = 2147483647;
			files = (
				4CE56113290387F0001D233A /* GiftHubUITestsLaunchTests.swift in Sources */,
				4CE56111290387F0001D233A /* GiftHubUITests.swift in Sources */,
			);
			runOnlyForDeploymentPostprocessing = 0;
		};
/* End PBXSourcesBuildPhase section */

/* Begin PBXTargetDependency section */
		4CE56104290387F0001D233A /* PBXTargetDependency */ = {
			isa = PBXTargetDependency;
			target = 4CE560F0290387EF001D233A /* GiftHub */;
			targetProxy = 4CE56103290387F0001D233A /* PBXContainerItemProxy */;
		};
		4CE5610E290387F0001D233A /* PBXTargetDependency */ = {
			isa = PBXTargetDependency;
			target = 4CE560F0290387EF001D233A /* GiftHub */;
			targetProxy = 4CE5610D290387F0001D233A /* PBXContainerItemProxy */;
		};
/* End PBXTargetDependency section */

/* Begin XCBuildConfiguration section */
		4CE56114290387F0001D233A /* Debug */ = {
			isa = XCBuildConfiguration;
			buildSettings = {
				ALWAYS_SEARCH_USER_PATHS = NO;
				CLANG_ANALYZER_NONNULL = YES;
				CLANG_ANALYZER_NUMBER_OBJECT_CONVERSION = YES_AGGRESSIVE;
				CLANG_CXX_LANGUAGE_STANDARD = "gnu++20";
				CLANG_ENABLE_MODULES = YES;
				CLANG_ENABLE_OBJC_ARC = YES;
				CLANG_ENABLE_OBJC_WEAK = YES;
				CLANG_WARN_BLOCK_CAPTURE_AUTORELEASING = YES;
				CLANG_WARN_BOOL_CONVERSION = YES;
				CLANG_WARN_COMMA = YES;
				CLANG_WARN_CONSTANT_CONVERSION = YES;
				CLANG_WARN_DEPRECATED_OBJC_IMPLEMENTATIONS = YES;
				CLANG_WARN_DIRECT_OBJC_ISA_USAGE = YES_ERROR;
				CLANG_WARN_DOCUMENTATION_COMMENTS = YES;
				CLANG_WARN_EMPTY_BODY = YES;
				CLANG_WARN_ENUM_CONVERSION = YES;
				CLANG_WARN_INFINITE_RECURSION = YES;
				CLANG_WARN_INT_CONVERSION = YES;
				CLANG_WARN_NON_LITERAL_NULL_CONVERSION = YES;
				CLANG_WARN_OBJC_IMPLICIT_RETAIN_SELF = YES;
				CLANG_WARN_OBJC_LITERAL_CONVERSION = YES;
				CLANG_WARN_OBJC_ROOT_CLASS = YES_ERROR;
				CLANG_WARN_QUOTED_INCLUDE_IN_FRAMEWORK_HEADER = YES;
				CLANG_WARN_RANGE_LOOP_ANALYSIS = YES;
				CLANG_WARN_STRICT_PROTOTYPES = YES;
				CLANG_WARN_SUSPICIOUS_MOVE = YES;
				CLANG_WARN_UNGUARDED_AVAILABILITY = YES_AGGRESSIVE;
				CLANG_WARN_UNREACHABLE_CODE = YES;
				CLANG_WARN__DUPLICATE_METHOD_MATCH = YES;
				COPY_PHASE_STRIP = NO;
				DEBUG_INFORMATION_FORMAT = dwarf;
				ENABLE_STRICT_OBJC_MSGSEND = YES;
				ENABLE_TESTABILITY = YES;
				GCC_C_LANGUAGE_STANDARD = gnu11;
				GCC_DYNAMIC_NO_PIC = NO;
				GCC_NO_COMMON_BLOCKS = YES;
				GCC_OPTIMIZATION_LEVEL = 0;
				GCC_PREPROCESSOR_DEFINITIONS = (
					"DEBUG=1",
					"$(inherited)",
				);
				GCC_WARN_64_TO_32_BIT_CONVERSION = YES;
				GCC_WARN_ABOUT_RETURN_TYPE = YES_ERROR;
				GCC_WARN_UNDECLARED_SELECTOR = YES;
				GCC_WARN_UNINITIALIZED_AUTOS = YES_AGGRESSIVE;
				GCC_WARN_UNUSED_FUNCTION = YES;
				GCC_WARN_UNUSED_VARIABLE = YES;
				MTL_ENABLE_DEBUG_INFO = INCLUDE_SOURCE;
				MTL_FAST_MATH = YES;
				ONLY_ACTIVE_ARCH = YES;
				SWIFT_ACTIVE_COMPILATION_CONDITIONS = DEBUG;
				SWIFT_OPTIMIZATION_LEVEL = "-Onone";
			};
			name = Debug;
		};
		4CE56115290387F0001D233A /* Release */ = {
			isa = XCBuildConfiguration;
			buildSettings = {
				ALWAYS_SEARCH_USER_PATHS = NO;
				CLANG_ANALYZER_NONNULL = YES;
				CLANG_ANALYZER_NUMBER_OBJECT_CONVERSION = YES_AGGRESSIVE;
				CLANG_CXX_LANGUAGE_STANDARD = "gnu++20";
				CLANG_ENABLE_MODULES = YES;
				CLANG_ENABLE_OBJC_ARC = YES;
				CLANG_ENABLE_OBJC_WEAK = YES;
				CLANG_WARN_BLOCK_CAPTURE_AUTORELEASING = YES;
				CLANG_WARN_BOOL_CONVERSION = YES;
				CLANG_WARN_COMMA = YES;
				CLANG_WARN_CONSTANT_CONVERSION = YES;
				CLANG_WARN_DEPRECATED_OBJC_IMPLEMENTATIONS = YES;
				CLANG_WARN_DIRECT_OBJC_ISA_USAGE = YES_ERROR;
				CLANG_WARN_DOCUMENTATION_COMMENTS = YES;
				CLANG_WARN_EMPTY_BODY = YES;
				CLANG_WARN_ENUM_CONVERSION = YES;
				CLANG_WARN_INFINITE_RECURSION = YES;
				CLANG_WARN_INT_CONVERSION = YES;
				CLANG_WARN_NON_LITERAL_NULL_CONVERSION = YES;
				CLANG_WARN_OBJC_IMPLICIT_RETAIN_SELF = YES;
				CLANG_WARN_OBJC_LITERAL_CONVERSION = YES;
				CLANG_WARN_OBJC_ROOT_CLASS = YES_ERROR;
				CLANG_WARN_QUOTED_INCLUDE_IN_FRAMEWORK_HEADER = YES;
				CLANG_WARN_RANGE_LOOP_ANALYSIS = YES;
				CLANG_WARN_STRICT_PROTOTYPES = YES;
				CLANG_WARN_SUSPICIOUS_MOVE = YES;
				CLANG_WARN_UNGUARDED_AVAILABILITY = YES_AGGRESSIVE;
				CLANG_WARN_UNREACHABLE_CODE = YES;
				CLANG_WARN__DUPLICATE_METHOD_MATCH = YES;
				COPY_PHASE_STRIP = NO;
				DEBUG_INFORMATION_FORMAT = "dwarf-with-dsym";
				ENABLE_NS_ASSERTIONS = NO;
				ENABLE_STRICT_OBJC_MSGSEND = YES;
				GCC_C_LANGUAGE_STANDARD = gnu11;
				GCC_NO_COMMON_BLOCKS = YES;
				GCC_WARN_64_TO_32_BIT_CONVERSION = YES;
				GCC_WARN_ABOUT_RETURN_TYPE = YES_ERROR;
				GCC_WARN_UNDECLARED_SELECTOR = YES;
				GCC_WARN_UNINITIALIZED_AUTOS = YES_AGGRESSIVE;
				GCC_WARN_UNUSED_FUNCTION = YES;
				GCC_WARN_UNUSED_VARIABLE = YES;
				MTL_ENABLE_DEBUG_INFO = NO;
				MTL_FAST_MATH = YES;
				SWIFT_COMPILATION_MODE = wholemodule;
				SWIFT_OPTIMIZATION_LEVEL = "-O";
			};
			name = Release;
		};
		4CE56117290387F0001D233A /* Debug */ = {
			isa = XCBuildConfiguration;
			buildSettings = {
				ASSETCATALOG_COMPILER_APPICON_NAME = AppIcon;
				ASSETCATALOG_COMPILER_GLOBAL_ACCENT_COLOR_NAME = AccentColor;
				CODE_SIGN_ENTITLEMENTS = GiftHub/GiftHub.entitlements;
				CODE_SIGN_STYLE = Automatic;
				CURRENT_PROJECT_VERSION = 1;
				DEVELOPMENT_ASSET_PATHS = "\"GiftHub/Preview Content\"";
				ENABLE_PREVIEWS = YES;
				GENERATE_INFOPLIST_FILE = YES;
				INFOPLIST_KEY_NSContactsUsageDescription = "Contacts needed to access friends";
				"INFOPLIST_KEY_UIApplicationSceneManifest_Generation[sdk=iphoneos*]" = YES;
				"INFOPLIST_KEY_UIApplicationSceneManifest_Generation[sdk=iphonesimulator*]" = YES;
				"INFOPLIST_KEY_UIApplicationSupportsIndirectInputEvents[sdk=iphoneos*]" = YES;
				"INFOPLIST_KEY_UIApplicationSupportsIndirectInputEvents[sdk=iphonesimulator*]" = YES;
				"INFOPLIST_KEY_UILaunchScreen_Generation[sdk=iphoneos*]" = YES;
				"INFOPLIST_KEY_UILaunchScreen_Generation[sdk=iphonesimulator*]" = YES;
				"INFOPLIST_KEY_UIStatusBarStyle[sdk=iphoneos*]" = UIStatusBarStyleDefault;
				"INFOPLIST_KEY_UIStatusBarStyle[sdk=iphonesimulator*]" = UIStatusBarStyleDefault;
				INFOPLIST_KEY_UISupportedInterfaceOrientations_iPad = "UIInterfaceOrientationPortrait UIInterfaceOrientationPortraitUpsideDown UIInterfaceOrientationLandscapeLeft UIInterfaceOrientationLandscapeRight";
				INFOPLIST_KEY_UISupportedInterfaceOrientations_iPhone = "UIInterfaceOrientationPortrait UIInterfaceOrientationLandscapeLeft UIInterfaceOrientationLandscapeRight";
				IPHONEOS_DEPLOYMENT_TARGET = 16.0;
				LD_RUNPATH_SEARCH_PATHS = "@executable_path/Frameworks";
				"LD_RUNPATH_SEARCH_PATHS[sdk=macosx*]" = "@executable_path/../Frameworks";
				MACOSX_DEPLOYMENT_TARGET = 12.3;
				MARKETING_VERSION = 1.0;
				PRODUCT_BUNDLE_IDENTIFIER = DWizard11.GiftHub;
				PRODUCT_NAME = "$(TARGET_NAME)";
				SDKROOT = auto;
				SUPPORTED_PLATFORMS = "iphoneos iphonesimulator macosx";
				SWIFT_EMIT_LOC_STRINGS = YES;
				SWIFT_VERSION = 5.0;
				TARGETED_DEVICE_FAMILY = "1,2";
			};
			name = Debug;
		};
		4CE56118290387F0001D233A /* Release */ = {
			isa = XCBuildConfiguration;
			buildSettings = {
				ASSETCATALOG_COMPILER_APPICON_NAME = AppIcon;
				ASSETCATALOG_COMPILER_GLOBAL_ACCENT_COLOR_NAME = AccentColor;
				CODE_SIGN_ENTITLEMENTS = GiftHub/GiftHub.entitlements;
				CODE_SIGN_STYLE = Automatic;
				CURRENT_PROJECT_VERSION = 1;
				DEVELOPMENT_ASSET_PATHS = "\"GiftHub/Preview Content\"";
				ENABLE_PREVIEWS = YES;
				GENERATE_INFOPLIST_FILE = YES;
				INFOPLIST_KEY_NSContactsUsageDescription = "Contacts needed to access friends";
				"INFOPLIST_KEY_UIApplicationSceneManifest_Generation[sdk=iphoneos*]" = YES;
				"INFOPLIST_KEY_UIApplicationSceneManifest_Generation[sdk=iphonesimulator*]" = YES;
				"INFOPLIST_KEY_UIApplicationSupportsIndirectInputEvents[sdk=iphoneos*]" = YES;
				"INFOPLIST_KEY_UIApplicationSupportsIndirectInputEvents[sdk=iphonesimulator*]" = YES;
				"INFOPLIST_KEY_UILaunchScreen_Generation[sdk=iphoneos*]" = YES;
				"INFOPLIST_KEY_UILaunchScreen_Generation[sdk=iphonesimulator*]" = YES;
				"INFOPLIST_KEY_UIStatusBarStyle[sdk=iphoneos*]" = UIStatusBarStyleDefault;
				"INFOPLIST_KEY_UIStatusBarStyle[sdk=iphonesimulator*]" = UIStatusBarStyleDefault;
				INFOPLIST_KEY_UISupportedInterfaceOrientations_iPad = "UIInterfaceOrientationPortrait UIInterfaceOrientationPortraitUpsideDown UIInterfaceOrientationLandscapeLeft UIInterfaceOrientationLandscapeRight";
				INFOPLIST_KEY_UISupportedInterfaceOrientations_iPhone = "UIInterfaceOrientationPortrait UIInterfaceOrientationLandscapeLeft UIInterfaceOrientationLandscapeRight";
				IPHONEOS_DEPLOYMENT_TARGET = 16.0;
				LD_RUNPATH_SEARCH_PATHS = "@executable_path/Frameworks";
				"LD_RUNPATH_SEARCH_PATHS[sdk=macosx*]" = "@executable_path/../Frameworks";
				MACOSX_DEPLOYMENT_TARGET = 12.3;
				MARKETING_VERSION = 1.0;
				PRODUCT_BUNDLE_IDENTIFIER = DWizard11.GiftHub;
				PRODUCT_NAME = "$(TARGET_NAME)";
				SDKROOT = auto;
				SUPPORTED_PLATFORMS = "iphoneos iphonesimulator macosx";
				SWIFT_EMIT_LOC_STRINGS = YES;
				SWIFT_VERSION = 5.0;
				TARGETED_DEVICE_FAMILY = "1,2";
			};
			name = Release;
		};
		4CE5611A290387F0001D233A /* Debug */ = {
			isa = XCBuildConfiguration;
			buildSettings = {
				ALWAYS_EMBED_SWIFT_STANDARD_LIBRARIES = YES;
				BUNDLE_LOADER = "$(TEST_HOST)";
				CODE_SIGN_STYLE = Automatic;
				CURRENT_PROJECT_VERSION = 1;
				GENERATE_INFOPLIST_FILE = YES;
				IPHONEOS_DEPLOYMENT_TARGET = 16.0;
				MACOSX_DEPLOYMENT_TARGET = 12.3;
				MARKETING_VERSION = 1.0;
				PRODUCT_BUNDLE_IDENTIFIER = DWizard11.GiftHubTests;
				PRODUCT_NAME = "$(TARGET_NAME)";
				SDKROOT = auto;
				SUPPORTED_PLATFORMS = "iphoneos iphonesimulator macosx";
				SWIFT_EMIT_LOC_STRINGS = NO;
				SWIFT_VERSION = 5.0;
				TARGETED_DEVICE_FAMILY = "1,2";
				TEST_HOST = "$(BUILT_PRODUCTS_DIR)/GiftHub.app/$(BUNDLE_EXECUTABLE_FOLDER_PATH)/GiftHub";
			};
			name = Debug;
		};
		4CE5611B290387F0001D233A /* Release */ = {
			isa = XCBuildConfiguration;
			buildSettings = {
				ALWAYS_EMBED_SWIFT_STANDARD_LIBRARIES = YES;
				BUNDLE_LOADER = "$(TEST_HOST)";
				CODE_SIGN_STYLE = Automatic;
				CURRENT_PROJECT_VERSION = 1;
				GENERATE_INFOPLIST_FILE = YES;
				IPHONEOS_DEPLOYMENT_TARGET = 16.0;
				MACOSX_DEPLOYMENT_TARGET = 12.3;
				MARKETING_VERSION = 1.0;
				PRODUCT_BUNDLE_IDENTIFIER = DWizard11.GiftHubTests;
				PRODUCT_NAME = "$(TARGET_NAME)";
				SDKROOT = auto;
				SUPPORTED_PLATFORMS = "iphoneos iphonesimulator macosx";
				SWIFT_EMIT_LOC_STRINGS = NO;
				SWIFT_VERSION = 5.0;
				TARGETED_DEVICE_FAMILY = "1,2";
				TEST_HOST = "$(BUILT_PRODUCTS_DIR)/GiftHub.app/$(BUNDLE_EXECUTABLE_FOLDER_PATH)/GiftHub";
			};
			name = Release;
		};
		4CE5611D290387F0001D233A /* Debug */ = {
			isa = XCBuildConfiguration;
			buildSettings = {
				ALWAYS_EMBED_SWIFT_STANDARD_LIBRARIES = YES;
				CODE_SIGN_STYLE = Automatic;
				CURRENT_PROJECT_VERSION = 1;
				GENERATE_INFOPLIST_FILE = YES;
				IPHONEOS_DEPLOYMENT_TARGET = 16.0;
				MACOSX_DEPLOYMENT_TARGET = 12.3;
				MARKETING_VERSION = 1.0;
				PRODUCT_BUNDLE_IDENTIFIER = DWizard11.GiftHubUITests;
				PRODUCT_NAME = "$(TARGET_NAME)";
				SDKROOT = auto;
				SUPPORTED_PLATFORMS = "iphoneos iphonesimulator macosx";
				SWIFT_EMIT_LOC_STRINGS = NO;
				SWIFT_VERSION = 5.0;
				TARGETED_DEVICE_FAMILY = "1,2";
				TEST_TARGET_NAME = GiftHub;
			};
			name = Debug;
		};
		4CE5611E290387F0001D233A /* Release */ = {
			isa = XCBuildConfiguration;
			buildSettings = {
				ALWAYS_EMBED_SWIFT_STANDARD_LIBRARIES = YES;
				CODE_SIGN_STYLE = Automatic;
				CURRENT_PROJECT_VERSION = 1;
				GENERATE_INFOPLIST_FILE = YES;
				IPHONEOS_DEPLOYMENT_TARGET = 16.0;
				MACOSX_DEPLOYMENT_TARGET = 12.3;
				MARKETING_VERSION = 1.0;
				PRODUCT_BUNDLE_IDENTIFIER = DWizard11.GiftHubUITests;
				PRODUCT_NAME = "$(TARGET_NAME)";
				SDKROOT = auto;
				SUPPORTED_PLATFORMS = "iphoneos iphonesimulator macosx";
				SWIFT_EMIT_LOC_STRINGS = NO;
				SWIFT_VERSION = 5.0;
				TARGETED_DEVICE_FAMILY = "1,2";
				TEST_TARGET_NAME = GiftHub;
			};
			name = Release;
		};
/* End XCBuildConfiguration section */

/* Begin XCConfigurationList section */
		4CE560EC290387EF001D233A /* Build configuration list for PBXProject "GiftHub" */ = {
			isa = XCConfigurationList;
			buildConfigurations = (
				4CE56114290387F0001D233A /* Debug */,
				4CE56115290387F0001D233A /* Release */,
			);
			defaultConfigurationIsVisible = 0;
			defaultConfigurationName = Release;
		};
		4CE56116290387F0001D233A /* Build configuration list for PBXNativeTarget "GiftHub" */ = {
			isa = XCConfigurationList;
			buildConfigurations = (
				4CE56117290387F0001D233A /* Debug */,
				4CE56118290387F0001D233A /* Release */,
			);
			defaultConfigurationIsVisible = 0;
			defaultConfigurationName = Release;
		};
		4CE56119290387F0001D233A /* Build configuration list for PBXNativeTarget "GiftHubTests" */ = {
			isa = XCConfigurationList;
			buildConfigurations = (
				4CE5611A290387F0001D233A /* Debug */,
				4CE5611B290387F0001D233A /* Release */,
			);
			defaultConfigurationIsVisible = 0;
			defaultConfigurationName = Release;
		};
		4CE5611C290387F0001D233A /* Build configuration list for PBXNativeTarget "GiftHubUITests" */ = {
			isa = XCConfigurationList;
			buildConfigurations = (
				4CE5611D290387F0001D233A /* Debug */,
				4CE5611E290387F0001D233A /* Release */,
			);
			defaultConfigurationIsVisible = 0;
			defaultConfigurationName = Release;
		};
/* End XCConfigurationList section */
	};
	rootObject = 4CE560E9290387EF001D233A /* Project object */;
}
